
Microsoft Visual Studio Solution File, Format Version 12.00
# Visual Studio 2012
Project("{FAE04EC0-301F-11D3-BF4B-00C04F79EFBC}") = "PingPongScoreboard.Client", "PingPongScoreboard.Client\PingPongScoreboard.Client.csproj", "{4B4842A6-6F2C-4442-9414-87B7BE56B881}"
EndProject
Project("{FAE04EC0-301F-11D3-BF4B-00C04F79EFBC}") = "PingPongScoreboard.Model", "PingPongScoreboard.Model\PingPongScoreboard.Model.csproj", "{37770020-4EC9-4438-98DF-883CCC25BA4B}"
EndProject
Project("{2150E333-8FDC-42A3-9474-1A3956D46DE8}") = ".nuget", ".nuget", "{468E848A-FE23-4617-9187-A876182322B9}"
	ProjectSection(SolutionItems) = preProject
		.nuget\packages.config = .nuget\packages.config
	EndProjectSection
EndProject
Project("{FAE04EC0-301F-11D3-BF4B-00C04F79EFBC}") = "PingPongScoreboard.Specifications", "PingPongScoreboard.Specifications\PingPongScoreboard.Specifications.csproj", "{40F360AB-AE6D-49B1-8E4B-D2BCAC30A06B}"
EndProject
Project("{FAE04EC0-301F-11D3-BF4B-00C04F79EFBC}") = "PingPongScoreboard.Model.Test", "PingPongScoreboard.Model.Test\PingPongScoreboard.Model.Test.csproj", "{87C50412-DF56-4455-A334-D435B085C0C3}"
EndProject
Global
	GlobalSection(SolutionConfigurationPlatforms) = preSolution
		Debug|Any CPU = Debug|Any CPU
		Release|Any CPU = Release|Any CPU
	EndGlobalSection
	GlobalSection(ProjectConfigurationPlatforms) = postSolution
		{4B4842A6-6F2C-4442-9414-87B7BE56B881}.Debug|Any CPU.ActiveCfg = Debug|Any CPU
		{4B4842A6-6F2C-4442-9414-87B7BE56B881}.Debug|Any CPU.Build.0 = Debug|Any CPU
		{4B4842A6-6F2C-4442-9414-87B7BE56B881}.Release|Any CPU.ActiveCfg = Release|Any CPU
		{4B4842A6-6F2C-4442-9414-87B7BE56B881}.Release|Any CPU.Build.0 = Release|Any CPU
		{37770020-4EC9-4438-98DF-883CCC25BA4B}.Debug|Any CPU.ActiveCfg = Debug|Any CPU
		{37770020-4EC9-4438-98DF-883CCC25BA4B}.Debug|Any CPU.Build.0 = Debug|Any CPU
		{37770020-4EC9-4438-98DF-883CCC25BA4B}.Release|Any CPU.ActiveCfg = Release|Any CPU
		{37770020-4EC9-4438-98DF-883CCC25BA4B}.Release|Any CPU.Build.0 = Release|Any CPU
		{40F360AB-AE6D-49B1-8E4B-D2BCAC30A06B}.Debug|Any CPU.ActiveCfg = Debug|Any CPU
		{40F360AB-AE6D-49B1-8E4B-D2BCAC30A06B}.Debug|Any CPU.Build.0 = Debug|Any CPU
		{40F360AB-AE6D-49B1-8E4B-D2BCAC30A06B}.Release|Any CPU.ActiveCfg = Release|Any CPU
		{40F360AB-AE6D-49B1-8E4B-D2BCAC30A06B}.Release|Any CPU.Build.0 = Release|Any CPU
		{87C50412-DF56-4455-A334-D435B085C0C3}.Debug|Any CPU.ActiveCfg = Debug|Any CPU
		{87C50412-DF56-4455-A334-D435B085C0C3}.Debug|Any CPU.Build.0 = Debug|Any CPU
		{87C50412-DF56-4455-A334-D435B085C0C3}.Release|Any CPU.ActiveCfg = Release|Any CPU
		{87C50412-DF56-4455-A334-D435B085C0C3}.Release|Any CPU.Build.0 = Release|Any CPU
	EndGlobalSection
	GlobalSection(SolutionProperties) = preSolution
		HideSolutionNode = FALSE
	EndGlobalSection
EndGlobal
